
Microsoft Visual Studio Solution File, Format Version 12.00
# Visual Studio Version 17
VisualStudioVersion = 17.7.34031.279
MinimumVisualStudioVersion = 10.0.40219.1
Project("{FAE04EC0-301F-11D3-BF4B-00C04F79EFBC}") = "Barbershop.Domain", "Barbershop.Domain\Barbershop.Domain.csproj", "{36E90F08-7EE0-4481-BB4E-67C2FAE1B1C8}"
EndProject
Project("{FAE04EC0-301F-11D3-BF4B-00C04F79EFBC}") = "Storage", "Storage\Storage.csproj", "{6B277F6E-D66B-4D5A-8948-292D0C510FD0}"
EndProject
Global
	GlobalSection(SolutionConfigurationPlatforms) = preSolution
		Debug|Any CPU = Debug|Any CPU
		Release|Any CPU = Release|Any CPU
	EndGlobalSection
	GlobalSection(ProjectConfigurationPlatforms) = postSolution
		{36E90F08-7EE0-4481-BB4E-67C2FAE1B1C8}.Debug|Any CPU.ActiveCfg = Debug|Any CPU
		{36E90F08-7EE0-4481-BB4E-67C2FAE1B1C8}.Debug|Any CPU.Build.0 = Debug|Any CPU
		{36E90F08-7EE0-4481-BB4E-67C2FAE1B1C8}.Release|Any CPU.ActiveCfg = Release|Any CPU
		{36E90F08-7EE0-4481-BB4E-67C2FAE1B1C8}.Release|Any CPU.Build.0 = Release|Any CPU
		{6B277F6E-D66B-4D5A-8948-292D0C510FD0}.Debug|Any CPU.ActiveCfg = Debug|Any CPU
		{6B277F6E-D66B-4D5A-8948-292D0C510FD0}.Debug|Any CPU.Build.0 = Debug|Any CPU
		{6B277F6E-D66B-4D5A-8948-292D0C510FD0}.Release|Any CPU.ActiveCfg = Release|Any CPU
		{6B277F6E-D66B-4D5A-8948-292D0C510FD0}.Release|Any CPU.Build.0 = Release|Any CPU
	EndGlobalSection
	GlobalSection(SolutionProperties) = preSolution
		HideSolutionNode = FALSE
	EndGlobalSection
	GlobalSection(ExtensibilityGlobals) = postSolution
		SolutionGuid = {21012271-7D31-4501-85B4-6D61A3F5C3D5}
	EndGlobalSection
EndGlobal
